
Microsoft Visual Studio Solution File, Format Version 12.00
# Visual Studio 15
VisualStudioVersion = 15.0.26730.12
MinimumVisualStudioVersion = 10.0.40219.1
Project("{FAE04EC0-301F-11D3-BF4B-00C04F79EFBC}") = "Hangman", "Hangman\Hangman.csproj", "{86339FFF-EB24-48D5-B09E-C731A94082C7}"
EndProject
Global
	GlobalSection(SolutionConfigurationPlatforms) = preSolution
		Debug|Any CPU = Debug|Any CPU
		Release|Any CPU = Release|Any CPU
	EndGlobalSection
	GlobalSection(ProjectConfigurationPlatforms) = postSolution
		{86339FFF-EB24-48D5-B09E-C731A94082C7}.Debug|Any CPU.ActiveCfg = Debug|Any CPU
		{86339FFF-EB24-48D5-B09E-C731A94082C7}.Debug|Any CPU.Build.0 = Debug|Any CPU
		{86339FFF-EB24-48D5-B09E-C731A94082C7}.Release|Any CPU.ActiveCfg = Release|Any CPU
		{86339FFF-EB24-48D5-B09E-C731A94082C7}.Release|Any CPU.Build.0 = Release|Any CPU
	EndGlobalSection
	GlobalSection(SolutionProperties) = preSolution
		HideSolutionNode = FALSE
	EndGlobalSection
	GlobalSection(ExtensibilityGlobals) = postSolution
		SolutionGuid = {8BA9CE01-D34B-4C33-9CF2-74C8526BC6AD}
	EndGlobalSection
EndGlobal
